# THIS IS AN AUTOGENERATED FILE. DO NOT EDIT THIS FILE DIRECTLY.
# yarn lockfile v1


"@fortawesome/fontawesome-free@~5.1.0":
  version "5.1.1"
  resolved "https://registry.yarnpkg.com/@fortawesome/fontawesome-free/-/fontawesome-free-5.1.1.tgz#b2c8d73675e349062112c2795a6e9e146bf47e1e"
  integrity sha512-3gWUo2KHOA3DqJlreNp5+6cLWZOBiDTHsAPWhpucKtH560kiOEd071V1+5VpSNjav89wnxSyAWyA+3xWrRjGJQ==

"@uirouter/angularjs@^0.3.2":
  version "0.3.2"
  resolved "https://registry.yarnpkg.com/@uirouter/angularjs/-/angularjs-0.3.2.tgz#9957d222077d6b93bfca11d03b0a63b4770b0c67"
  integrity sha512-Z2Q9uIqlGaRuOsaQFG6ygPSKFerBu2dfr77xPBZcByuNrqaP4s6hQB3rf7jxCG8emCmxlqTOD0TTymqBvKbyeA==
  dependencies:
    angular "^1.0.8"

angular-i18n@~1.5.0:
  version "1.5.11"
  resolved "https://registry.yarnpkg.com/angular-i18n/-/angular-i18n-1.5.11.tgz#3d0482032d06f1437c6192cd8ef6045e692aa689"
  integrity sha1-PQSCAy0G8UN8YZLNjvYEXmkqpok=

angular-mocks@~1.5.0:
  version "1.5.11"
  resolved "https://registry.yarnpkg.com/angular-mocks/-/angular-mocks-1.5.11.tgz#a0e1dd0ea55fd77ee7a757d75536c5e964c86f81"
  integrity sha1-oOHdDqVf137np1fXVTbF6WTIb4E=

angular-resource@~1.5.0:
  version "1.5.11"
  resolved "https://registry.yarnpkg.com/angular-resource/-/angular-resource-1.5.11.tgz#d93ea619184a2e0ee3ae338265758363172929f0"
  integrity sha1-2T6mGRhKLg7jrjOCZXWDYxcpKfA=

angular-route@~1.5.0:
  version "1.5.11"
  resolved "https://registry.yarnpkg.com/angular-route/-/angular-route-1.5.11.tgz#49614f3a167f54291e449fe8ba05d39c58924b83"
  integrity sha1-SWFPOhZ/VCkeRJ/ougXTnFiSS4M=

angular-sanitize@~1.5.0:
  version "1.5.11"
  resolved "https://registry.yarnpkg.com/angular-sanitize/-/angular-sanitize-1.5.11.tgz#ebfb3f343e543f9b2ef050fb4c2e9ee048d1772f"
  integrity sha1-6/s/ND5UP5su8FD7TC6e4EjRdy8=

angular-scenario@~1.5.0:
  version "1.5.11"
  resolved "https://registry.yarnpkg.com/angular-scenario/-/angular-scenario-1.5.11.tgz#ec6cc1c0a25116a4ecb8e625a25d2cfebfa13343"
  integrity sha1-7GzBwKJRFqTsuOYlol0s/r+hM0M=

angular-scroll@~1.0.0:
  version "1.0.2"
  resolved "https://registry.yarnpkg.com/angular-scroll/-/angular-scroll-1.0.2.tgz#2768ff35dbe1ce40e0c3fbedd4534888299c3e2d"
  integrity sha1-J2j/NdvhzkDgw/vt1FNIiCmcPi0=

angular-touch@~1.5.0:
  version "1.5.11"
  resolved "https://registry.yarnpkg.com/angular-touch/-/angular-touch-1.5.11.tgz#61f469c47ecf8979fb410c8d3a615d324d2b15ef"
  integrity sha1-YfRpxH7PiXn7QQyNOmFdMk0rFe8=

angular-ui-bootstrap@^2.5.0:
  version "2.5.6"
  resolved "https://registry.yarnpkg.com/angular-ui-bootstrap/-/angular-ui-bootstrap-2.5.6.tgz#23937322ec641a6fbee16498cc32452aa199e7c5"
  integrity sha512-yzcHpPMLQl0232nDzm5P4iAFTFQ9dMw0QgFLuKYbDj9M0xJ62z0oudYD/Lvh1pWfRsukiytP4Xj6BHOSrSXP8A==

angular-ui-sortable@^0.19.0:
  version "0.19.0"
  resolved "https://registry.yarnpkg.com/angular-ui-sortable/-/angular-ui-sortable-0.19.0.tgz#4ac4391fc4d4de57110db4b5d31a7c198d314fd0"
  integrity sha512-u/uc981Nzg4XN1bMU9qKleMTSt7F1XjMWnyGw6gxPLIeQeLZm8jWNy7tj8y2r2HmvzXFbQVq2z6rObznFKAekQ==
  dependencies:
    angular ">=1.2.x"
    jquery ">=3.1.x"
    jquery-ui-dist ">=1.12.x"

angular@1.5.11, angular@>=1.2.x, angular@^1.0.8, angular@~1.5.11:
  version "1.5.11"
  resolved "https://registry.yarnpkg.com/angular/-/angular-1.5.11.tgz#8c5ba7386f15965c9acf3429f6881553aada30d6"
  integrity sha1-jFunOG8VllyazzQp9ogVU6raMNY=

angularfire@^2.3.0:
  version "2.3.0"
  resolved "https://registry.yarnpkg.com/angularfire/-/angularfire-2.3.0.tgz#c152d12b655cd21a039956015c7dcdfcc4f25da5"
  integrity sha1-wVLRK2Vc0hoDmVYBXH3N/MTyXaU=
  dependencies:
    firebase "3.x.x"

angularjs-slider@^7.0.0:
  version "7.0.0"
  resolved "https://registry.yarnpkg.com/angularjs-slider/-/angularjs-slider-7.0.0.tgz#418f828e25daeb3a738f2cc2257072c5721f2e67"
  integrity sha512-qNWPARWEktSthHj0/SAMVhy+3AIRnyVCXRK58gXT+3uRORXu/3QJ2L9MjCZvA9yeZxFceEYMOrtK8sSsTKobUw==

babel-runtime@^6.26.0:
  version "6.26.0"
  resolved "https://registry.yarnpkg.com/babel-runtime/-/babel-runtime-6.26.0.tgz#965c7058668e82b55d7bfe04ff2337bc8b5647fe"
  integrity sha1-llxwWGaOgrVde/4E/yM3vItWR/4=
  dependencies:
    core-js "^2.4.0"
    regenerator-runtime "^0.11.0"

buffer-equal-constant-time@1.0.1:
  version "1.0.1"
  resolved "https://registry.yarnpkg.com/buffer-equal-constant-time/-/buffer-equal-constant-time-1.0.1.tgz#f8e71132f7ffe6e01a5c9697a4c6f3e48d5cc819"
  integrity sha1-+OcRMvf/5uAaXJaXpMbz5I1cyBk=

clipboard@^2.0.0:
  version "2.0.4"
  resolved "https://registry.yarnpkg.com/clipboard/-/clipboard-2.0.4.tgz#836dafd66cf0fea5d71ce5d5b0bf6e958009112d"
  integrity sha512-Vw26VSLRpJfBofiVaFb/I8PVfdI1OxKcYShe6fm0sP/DtmiWQNCjhM/okTvdCo0G+lMMm1rMYbk4IK4x1X+kgQ==
  dependencies:
    good-listener "^1.2.2"
    select "^1.1.2"
    tiny-emitter "^2.0.0"

core-js@^2.4.0:
  version "2.6.9"
  resolved "https://registry.yarnpkg.com/core-js/-/core-js-2.6.9.tgz#6b4b214620c834152e179323727fc19741b084f2"
  integrity sha512-HOpZf6eXmnl7la+cUdMnLvUxKNqLUzJvgIziQ0DiF3JwSImNphIqdGqzj6hIKyX04MmV0poclQ7+wjWvxQyR2A==

delegate@^3.1.2:
  version "3.2.0"
  resolved "https://registry.yarnpkg.com/delegate/-/delegate-3.2.0.tgz#b66b71c3158522e8ab5744f720d8ca0c2af59166"
  integrity sha512-IofjkYBZaZivn0V8nnsMJGBr4jVLxHDheKSW88PyxS5QC4Vo9ZbZVvhzlSxY87fVq3STR6r+4cGepyHkcWOQSw==

diff2html@~1.3.2:
  version "1.3.2"
  resolved "https://registry.yarnpkg.com/diff2html/-/diff2html-1.3.2.tgz#a0789ab0200e498d19f49d38ef77272873a827d7"
  integrity sha1-oHiasCAOSY0Z9J0473cnKHOoJ9c=
  dependencies:
    diff "^2.2.1"

diff@^2.2.1:
  version "2.2.3"
  resolved "https://registry.yarnpkg.com/diff/-/diff-2.2.3.tgz#60eafd0d28ee906e4e8ff0a52c1229521033bf99"
  integrity sha1-YOr9DSjukG5Oj/ClLBIpUhAzv5k=

dom-storage@^2.0.2:
  version "2.1.0"
  resolved "https://registry.yarnpkg.com/dom-storage/-/dom-storage-2.1.0.tgz#00fb868bc9201357ea243c7bcfd3304c1e34ea39"
  integrity sha512-g6RpyWXzl0RR6OTElHKBl7nwnK87GUyZMYC7JWsB/IA73vpqK2K6LT39x4VepLxlSsWBFrPVLnsSR5Jyty0+2Q==

ecdsa-sig-formatter@1.0.11:
  version "1.0.11"
  resolved "https://registry.yarnpkg.com/ecdsa-sig-formatter/-/ecdsa-sig-formatter-1.0.11.tgz#ae0f0fa2d85045ef14a817daa3ce9acd0489e5bf"
  integrity sha512-nagl3RYrbNv6kQkeJIpt6NJZy8twLB/2vtz6yN9Z4vRKHN4/QZJIEbqohALSgwKdnksuY3k5Addp5lg8sVoVcQ==
  dependencies:
    safe-buffer "^5.0.1"

error-stack-parser@^2.0.1:
  version "2.0.2"
  resolved "https://registry.yarnpkg.com/error-stack-parser/-/error-stack-parser-2.0.2.tgz#4ae8dbaa2bf90a8b450707b9149dcabca135520d"
  integrity sha512-E1fPutRDdIj/hohG0UpT5mayXNCxXP9d+snxFsPU9X0XgccOumKraa3juDMwTUyi7+Bu5+mCGagjg4IYeNbOdw==
  dependencies:
    stackframe "^1.0.4"

faye-websocket@0.9.3:
  version "0.9.3"
  resolved "https://registry.yarnpkg.com/faye-websocket/-/faye-websocket-0.9.3.tgz#482a505b0df0ae626b969866d3bd740cdb962e83"
  integrity sha1-SCpQWw3wrmJrlphm0710DNuWLoM=
  dependencies:
    websocket-driver ">=0.5.1"

firebase@3.x.x, firebase@^3.9.0:
  version "3.9.0"
  resolved "https://registry.yarnpkg.com/firebase/-/firebase-3.9.0.tgz#c4237f50f58eeb25081b1839d6cbf175f8f7ed9b"
  integrity sha1-xCN/UPWO6yUIGxg51svxdfj37Zs=
  dependencies:
    dom-storage "^2.0.2"
    faye-websocket "0.9.3"
    jsonwebtoken "^7.3.0"
    promise-polyfill "^6.0.2"
    xmlhttprequest "^1.8.0"

good-listener@^1.2.2:
  version "1.2.2"
  resolved "https://registry.yarnpkg.com/good-listener/-/good-listener-1.2.2.tgz#d53b30cdf9313dffb7dc9a0d477096aa6d145c50"
  integrity sha1-1TswzfkxPf+33JoNR3CWqm0UXFA=
  dependencies:
    delegate "^3.1.2"

highcharts-ng@~0.0.13:
  version "0.0.13"
  resolved "https://registry.yarnpkg.com/highcharts-ng/-/highcharts-ng-0.0.13.tgz#8f1e3a542007bd131071ea5d9a1e9265eeb817bc"
  integrity sha1-jx46VCAHvRMQcepdmh6SZe64F7w=

highcharts@^7.0.0:
  version "7.1.1"
  resolved "https://registry.yarnpkg.com/highcharts/-/highcharts-7.1.1.tgz#8c4433e39d5e7dbdc064685d9548181a35e12c19"
  integrity sha512-BQtWDQmH4AweQNFLGJCHBQwv9tj9kyp35bp2FFpmNBm7LOecCQdLjvZNgUKvCsKzBzJJIywcwWu4QEcAkPGCjg==

hoek@2.x.x:
  version "2.16.3"
  resolved "https://registry.yarnpkg.com/hoek/-/hoek-2.16.3.tgz#20bb7403d3cea398e91dc4710a8ff1b8274a25ed"
  integrity sha1-ILt0A9POo5jpHcRxCo/xuCdKJe0=

http-parser-js@>=0.4.0:
  version "0.5.0"
  resolved "https://registry.yarnpkg.com/http-parser-js/-/http-parser-js-0.5.0.tgz#d65edbede84349d0dc30320815a15d39cc3cbbd8"
  integrity sha512-cZdEF7r4gfRIq7ezX9J0T+kQmJNOub71dWbgAXVHDct80TKP4MCETtZQ31xyv38UwgzkWPYF/Xc0ge55dW9Z9w==

isemail@1.x.x:
  version "1.2.0"
  resolved "https://registry.yarnpkg.com/isemail/-/isemail-1.2.0.tgz#be03df8cc3e29de4d2c5df6501263f1fa4595e9a"
  integrity sha1-vgPfjMPineTSxd9lASY/H6RZXpo=

joi@^6.10.1:
  version "6.10.1"
  resolved "https://registry.yarnpkg.com/joi/-/joi-6.10.1.tgz#4d50c318079122000fe5f16af1ff8e1917b77e06"
  integrity sha1-TVDDGAeRIgAP5fFq8f+OGRe3fgY=
  dependencies:
    hoek "2.x.x"
    isemail "1.x.x"
    moment "2.x.x"
    topo "1.x.x"

jquery-ui-dist@>=1.12.x:
  version "1.12.1"
  resolved "https://registry.yarnpkg.com/jquery-ui-dist/-/jquery-ui-dist-1.12.1.tgz#5c0815d3cc6f90ff5faaf5b268a6e23b4ca904fa"
  integrity sha1-XAgV08xvkP9fqvWyaKbiO0ypBPo=

jquery-ui@^1.12.1:
  version "1.12.1"
  resolved "https://registry.yarnpkg.com/jquery-ui/-/jquery-ui-1.12.1.tgz#bcb4045c8dd0539c134bc1488cdd3e768a7a9e51"
  integrity sha1-vLQEXI3QU5wTS8FIjN0+dop6nlE=

jquery@>=3.1.x, jquery@^3.4.0, jquery@^3.4.1:
  version "3.4.1"
  resolved "https://registry.yarnpkg.com/jquery/-/jquery-3.4.1.tgz#714f1f8d9dde4bdfa55764ba37ef214630d80ef2"
  integrity sha512-36+AdBzCL+y6qjw5Tx7HgzeGCzC81MDDgaUP8ld2zhx58HdqXGoBd+tHdrBMiyjGQs0Hxs/MLZTu/eHNJJuWPw==

jsonwebtoken@^7.3.0:
  version "7.4.3"
  resolved "https://registry.yarnpkg.com/jsonwebtoken/-/jsonwebtoken-7.4.3.tgz#77f5021de058b605a1783fa1283e99812e645638"
  integrity sha1-d/UCHeBYtgWheD+hKD6ZgS5kVjg=
  dependencies:
    joi "^6.10.1"
    jws "^3.1.4"
    lodash.once "^4.0.0"
    ms "^2.0.0"
    xtend "^4.0.1"

jwa@^1.4.1:
  version "1.4.1"
  resolved "https://registry.yarnpkg.com/jwa/-/jwa-1.4.1.tgz#743c32985cb9e98655530d53641b66c8645b039a"
  integrity sha512-qiLX/xhEEFKUAJ6FiBMbes3w9ATzyk5W7Hvzpa/SLYdxNtng+gcurvrI7TbACjIXlsJyr05/S1oUhZrc63evQA==
  dependencies:
    buffer-equal-constant-time "1.0.1"
    ecdsa-sig-formatter "1.0.11"
    safe-buffer "^5.0.1"

jws@^3.1.4:
  version "3.2.2"
  resolved "https://registry.yarnpkg.com/jws/-/jws-3.2.2.tgz#001099f3639468c9414000e99995fa52fb478304"
  integrity sha512-YHlZCB6lMTllWDtSPHz/ZXTsi8S00usEV6v1tjq8tOUZzw7DpSDWVXjXDre6ed1w/pd495ODpHZYSdkRTsa0HA==
  dependencies:
    jwa "^1.4.1"
    safe-buffer "^5.0.1"

lodash.once@^4.0.0:
  version "4.1.1"
  resolved "https://registry.yarnpkg.com/lodash.once/-/lodash.once-4.1.1.tgz#0dd3971213c7c56df880977d504c88fb471a97ac"
  integrity sha1-DdOXEhPHxW34gJd9UEyI+0cal6w=

material-design-icons-iconfont@^5.0.1:
  version "5.0.1"
  resolved "https://registry.yarnpkg.com/material-design-icons-iconfont/-/material-design-icons-iconfont-5.0.1.tgz#371875ed7fe9c8c520bc7123c3231feeab731c31"
  integrity sha512-Xg6rIdGrfySTqiTZ6d+nQbcFepS6R4uKbJP0oAqyeZXJY/bX6mZDnOmmUJusqLXfhIwirs0c++a6JpqVa8RFvA==

moment-timezone@^0.5.25:
  version "0.5.25"
  resolved "https://registry.yarnpkg.com/moment-timezone/-/moment-timezone-0.5.25.tgz#a11bfa2f74e088327f2cd4c08b3e7bdf55957810"
  integrity sha512-DgEaTyN/z0HFaVcVbSyVCUU6HeFdnNC3vE4c9cgu2dgMTvjBUBdBzWfasTBmAW45u5OIMeCJtU8yNjM22DHucw==
  dependencies:
    moment ">= 2.9.0"

moment@2.x.x, "moment@>= 2.9.0", moment@^2.24.0:
  version "2.24.0"
  resolved "https://registry.yarnpkg.com/moment/-/moment-2.24.0.tgz#0d055d53f5052aa653c9f6eb68bb5d12bf5c2b5b"
  integrity sha512-bV7f+6l2QigeBBZSM/6yTNq4P2fNpSWj/0e7jQcy87A8e7o2nAfP/34/2ky5Vw4B9S446EtIhodAzkFCcR4dQg==

ms@^2.0.0:
  version "2.1.1"
  resolved "https://registry.yarnpkg.com/ms/-/ms-2.1.1.tgz#30a5864eb3ebb0a66f2ebe6d727af06a09d86e0a"
  integrity sha512-tgp+dl5cGk28utYktBsrFqA7HKgrhgPsg6Z/EfhWI4gl1Hwq8B/GmY/0oXZ6nF8hDVesS/FpnYaD/kOWhYQvyg==

ng-file-upload@~12.2.13:
  version "12.2.13"
  resolved "https://registry.yarnpkg.com/ng-file-upload/-/ng-file-upload-12.2.13.tgz#01800f3872e526f95310f8477e99e4f12d0d8d14"
  integrity sha1-AYAPOHLlJvlTEPhHfpnk8S0NjRQ=

ng-infinite-scroll@^1.3.0:
  version "1.3.0"
  resolved "https://registry.yarnpkg.com/ng-infinite-scroll/-/ng-infinite-scroll-1.3.0.tgz#c2e98d8fd134b0525a4d2cf58c95d9b583755112"
  integrity sha1-wumNj9E0sFJaTSz1jJXZtYN1URI=

ngclipboard@^2.0.0:
  version "2.0.0"
  resolved "https://registry.yarnpkg.com/ngclipboard/-/ngclipboard-2.0.0.tgz#406f6c34d21d78c13faafa7f7df2ae4acd50e75a"
  integrity sha1-QG9sNNIdeME/qvp/ffKuSs1Q51o=
  dependencies:
    clipboard "^2.0.0"

normalize.css@^8.0.1:
  version "8.0.1"
  resolved "https://registry.yarnpkg.com/normalize.css/-/normalize.css-8.0.1.tgz#9b98a208738b9cc2634caacbc42d131c97487bf3"
  integrity sha512-qizSNPO93t1YUuUhP22btGOo3chcvDFqFaj2TRybP0DMxkHOCTYwp3n34fel4a31ORXy4m1Xq0Gyqpb5m33qIg==

perfect-scrollbar@~1.4.0:
  version "1.4.0"
  resolved "https://registry.yarnpkg.com/perfect-scrollbar/-/perfect-scrollbar-1.4.0.tgz#5d014ef9775e1f43058a1dbae9ed1daf0e7091f1"
  integrity sha512-/2Sk/khljhdrsamjJYS5NjrH+GKEHEwh7zFSiYyxROyYKagkE4kSn2zDQDRTOMo8mpT2jikxx6yI1dG7lNP/hw==

promise-polyfill@^6.0.2:
  version "6.1.0"
  resolved "https://registry.yarnpkg.com/promise-polyfill/-/promise-polyfill-6.1.0.tgz#dfa96943ea9c121fca4de9b5868cb39d3472e057"
  integrity sha1-36lpQ+qcEh/KTem1hoyznTRy4Fc=

punycode@1.4.1:
  version "1.4.1"
  resolved "https://registry.yarnpkg.com/punycode/-/punycode-1.4.1.tgz#c0d5a63b2718800ad8e1eb0fa5269c84dd41845e"
  integrity sha1-wNWmOycYgArY4esPpSachN1BhF4=

regenerator-runtime@^0.11.0:
  version "0.11.1"
  resolved "https://registry.yarnpkg.com/regenerator-runtime/-/regenerator-runtime-0.11.1.tgz#be05ad7f9bf7d22e056f9726cee5017fbf19e2e9"
  integrity sha512-MguG95oij0fC3QV3URf4V2SDYGJhJnJGqvIIgdECeODCT98wSWDAJ94SSuVpYQUoTcGUIL6L4yNB7j1DFFHSBg==

safe-buffer@^5.0.1:
  version "5.1.2"
  resolved "https://registry.yarnpkg.com/safe-buffer/-/safe-buffer-5.1.2.tgz#991ec69d296e0313747d59bdfd2b745c35f8828d"
  integrity sha512-Gd2UZBJDkXlY7GbJxfsE8/nvKkUEU1G38c1siN6QP6a9PT9MmHB8GnpscSmMJSoF8LOIrt8ud/wPtojys4G6+g==

select@^1.1.2:
  version "1.1.2"
  resolved "https://registry.yarnpkg.com/select/-/select-1.1.2.tgz#0e7350acdec80b1108528786ec1d4418d11b396d"
  integrity sha1-DnNQrN7ICxEIUoeG7B1EGNEbOW0=

source-map@0.5.6:
  version "0.5.6"
  resolved "https://registry.yarnpkg.com/source-map/-/source-map-0.5.6.tgz#75ce38f52bf0733c5a7f0c118d81334a2bb5f412"
  integrity sha1-dc449SvwczxafwwRjYEzSiu19BI=

stack-generator@^2.0.1:
  version "2.0.3"
  resolved "https://registry.yarnpkg.com/stack-generator/-/stack-generator-2.0.3.tgz#bb74385c67ffc4ccf3c4dee5831832d4e509c8a0"
  integrity sha512-kdzGoqrnqsMxOEuXsXyQTmvWXZmG0f3Ql2GDx5NtmZs59sT2Bt9Vdyq0XdtxUi58q/+nxtbF9KOQ9HkV1QznGg==
  dependencies:
    stackframe "^1.0.4"

stackframe@^1.0.4:
  version "1.0.4"
  resolved "https://registry.yarnpkg.com/stackframe/-/stackframe-1.0.4.tgz#357b24a992f9427cba6b545d96a14ed2cbca187b"
  integrity sha512-to7oADIniaYwS3MhtCa/sQhrxidCCQiF/qp4/m5iN3ipf0Y7Xlri0f6eG29r08aL7JYl8n32AF3Q5GYBZ7K8vw==

stacktrace-gps@^3.0.1:
  version "3.0.2"
  resolved "https://registry.yarnpkg.com/stacktrace-gps/-/stacktrace-gps-3.0.2.tgz#33f8baa4467323ab2bd1816efa279942ba431ccc"
  integrity sha512-9o+nWhiz5wFnrB3hBHs2PTyYrS60M1vvpSzHxwxnIbtY2q9Nt51hZvhrG1+2AxD374ecwyS+IUwfkHRE/2zuGg==
  dependencies:
    source-map "0.5.6"
    stackframe "^1.0.4"

stacktrace-js@^2.0.0:
  version "2.0.0"
  resolved "https://registry.yarnpkg.com/stacktrace-js/-/stacktrace-js-2.0.0.tgz#776ca646a95bc6c6b2b90776536a7fc72c6ddb58"
  integrity sha1-d2ymRqlbxsayuQd2U2p/xyxt21g=
  dependencies:
    error-stack-parser "^2.0.1"
    stack-generator "^2.0.1"
    stacktrace-gps "^3.0.1"

sugar@~1.4.1:
  version "1.4.1"
  resolved "https://registry.yarnpkg.com/sugar/-/sugar-1.4.1.tgz#1310d4dedc699e5a173183718541b0d7844a7598"
  integrity sha1-ExDU3txpnloXMYNxhUGw14RKdZg=

tiny-emitter@^2.0.0:
  version "2.1.0"
  resolved "https://registry.yarnpkg.com/tiny-emitter/-/tiny-emitter-2.1.0.tgz#1d1a56edfc51c43e863cbb5382a72330e3555423"
  integrity sha512-NB6Dk1A9xgQPMoGqC5CVXn123gWyte215ONT5Pp5a0yt4nlEoO1ZWeCwpncaekPHXO60i47ihFnZPiRPjRMq4Q==

topo@1.x.x:
  version "1.1.0"
  resolved "https://registry.yarnpkg.com/topo/-/topo-1.1.0.tgz#e9d751615d1bb87dc865db182fa1ca0a5ef536d5"
  integrity sha1-6ddRYV0buH3IZdsYL6HKCl71NtU=
  dependencies:
    hoek "2.x.x"

twemoji-parser@^11.0.2:
  version "11.0.2"
  resolved "https://registry.yarnpkg.com/twemoji-parser/-/twemoji-parser-11.0.2.tgz#24e87c2008abe8544c962f193b88b331de32b446"
  integrity sha512-5kO2XCcpAql6zjdLwRwJjYvAZyDy3+Uj7v1ipBzLthQmDL7Ce19bEqHr3ImSNeoSW2OA8u02XmARbXHaNO8GhA==

twitter-text@^3.0.0:
  version "3.0.0"
  resolved "https://registry.yarnpkg.com/twitter-text/-/twitter-text-3.0.0.tgz#662f255b8ca12412f5b126368496e2430480eae3"
  integrity sha512-p5/mAvsYp0ESSgKjpaytWNJxrRqM04FnF5wLtc9+U1hXBrQujh/oz+4yR45JHIJfWOKSFZ/aLGaCasNwrqkkcw==
  dependencies:
    babel-runtime "^6.26.0"
    punycode "1.4.1"
    twemoji-parser "^11.0.2"

url-polyfill@^1.1.5:
  version "1.1.5"
  resolved "https://registry.yarnpkg.com/url-polyfill/-/url-polyfill-1.1.5.tgz#bec79b72b5407dba6d8cced2e32e4ab273aa9fb1"
  integrity sha512-9XjIJ6nwrU+nGd8t90Ze0Zs7t8A+SU0gqsqPttj6j3zAVe5q0HFcuv37nDBdVSPpi4aTHTfbUF/i+ZVD+o2EbA==

websocket-driver@>=0.5.1:
  version "0.7.0"
  resolved "https://registry.yarnpkg.com/websocket-driver/-/websocket-driver-0.7.0.tgz#0caf9d2d755d93aee049d4bdd0d3fe2cca2a24eb"
  integrity sha1-DK+dLXVdk67gSdS90NP+LMoqJOs=
  dependencies:
    http-parser-js ">=0.4.0"
    websocket-extensions ">=0.1.1"

websocket-extensions@>=0.1.1:
  version "0.1.3"
  resolved "https://registry.yarnpkg.com/websocket-extensions/-/websocket-extensions-0.1.3.tgz#5d2ff22977003ec687a4b87073dfbbac146ccf29"
  integrity sha512-nqHUnMXmBzT0w570r2JpJxfiSD1IzoI+HGVdd3aZ0yNi3ngvQ4jv1dtHt5VGxfI2yj5yqImPhOK4vmIh2xMbGg==

xmlhttprequest@^1.8.0:
  version "1.8.0"
  resolved "https://registry.yarnpkg.com/xmlhttprequest/-/xmlhttprequest-1.8.0.tgz#67fe075c5c24fef39f9d65f5f7b7fe75171968fc"
  integrity sha1-Z/4HXFwk/vOfnWX197f+dRcZaPw=

xtend@^4.0.1:
  version "4.0.1"
  resolved "https://registry.yarnpkg.com/xtend/-/xtend-4.0.1.tgz#a5c6d532be656e23db820efb943a1f04998d63af"
  integrity sha1-pcbVMr5lbiPbgg77lDofBJmNY68=

zepto@^1.2:
  version "1.2.0"
  resolved "https://registry.yarnpkg.com/zepto/-/zepto-1.2.0.tgz#e127bd9e66fd846be5eab48c1394882f7c0e4f98"
  integrity sha1-4Se9nmb9hGvl6rSME5SIL3wOT5g=
