# THIS IS AN AUTOGENERATED FILE. DO NOT EDIT THIS FILE DIRECTLY.
# yarn lockfile v1


"@fortawesome/fontawesome-free@~5.1.0":
  version "5.1.1"
  resolved "https://registry.yarnpkg.com/@fortawesome/fontawesome-free/-/fontawesome-free-5.1.1.tgz#b2c8d73675e349062112c2795a6e9e146bf47e1e"
  integrity sha512-3gWUo2KHOA3DqJlreNp5+6cLWZOBiDTHsAPWhpucKtH560kiOEd071V1+5VpSNjav89wnxSyAWyA+3xWrRjGJQ==

"@uirouter/angularjs@^0.3.2":
  version "0.3.2"
  resolved "https://registry.yarnpkg.com/@uirouter/angularjs/-/angularjs-0.3.2.tgz#9957d222077d6b93bfca11d03b0a63b4770b0c67"
  integrity sha512-Z2Q9uIqlGaRuOsaQFG6ygPSKFerBu2dfr77xPBZcByuNrqaP4s6hQB3rf7jxCG8emCmxlqTOD0TTymqBvKbyeA==
  dependencies:
    angular "^1.0.8"

abbrev@1:
  version "1.1.1"
  resolved "https://registry.yarnpkg.com/abbrev/-/abbrev-1.1.1.tgz#f8f2c887ad10bf67f634f005b6987fed3179aac8"
  integrity sha512-nne9/IiQ/hzIhY6pdDnbBtz7DjPTKrY00P/zvPSm5pOFkl6xuGrGnXn/VtTNNfNtAfZ9/1RtehkszU9qcTii0Q==

angular-i18n@~1.8.0:
  version "1.8.0"
  resolved "https://registry.yarnpkg.com/angular-i18n/-/angular-i18n-1.8.0.tgz#f604bd2f3c1a24abd6101f7311de544dbf6fdb6a"
  integrity sha512-fnFbc9sxyEKBJRlIjc29gWYOVgvrjWnikzuQnKt2SPbFzapRnFsWy+SKfISBovb7/rRrtR1RHamTsQ3TQsPt2Q==

angular-mocks@~1.8.0:
  version "1.8.0"
  resolved "https://registry.yarnpkg.com/angular-mocks/-/angular-mocks-1.8.0.tgz#9d161fe2102e47e46ff78a4226e4dfec27c060c4"
  integrity sha512-oFKJIqR6zcsW6V9UQMuUYCXIcTy+n7oYExXxZkvU57hwJQdU1nuNZcSMQA9URiEAPyo7v3bqm0eOP3Ezi7Bigg==

angular-resource@~1.8.0:
  version "1.8.0"
  resolved "https://registry.yarnpkg.com/angular-resource/-/angular-resource-1.8.0.tgz#578ef122e7cb7bcc6c0ad6c2451dc3d27fd570ba"
  integrity sha512-9woUq3kDwoT7R6SjKX8vaJMhOplYBm9sqRAxKgDhDIdPyA8iBowqQIusf9+8Q+z/HlXb8ZXvKspJyKXrxmKdvg==

angular-route@~1.8.0:
  version "1.8.0"
  resolved "https://registry.yarnpkg.com/angular-route/-/angular-route-1.8.0.tgz#cb8066c5d34284ffd6a15ac7be1b3d51c5ad7bb2"
  integrity sha512-ORvXAdVfCCA6XFwyjSkVQFFGufj0mNGiCvBR93Qsii8+7t/6Ioy6wheUoCj1x4NWUv7hAq3nYYGCVO6QEKb1BQ==

angular-sanitize@~1.8.0:
  version "1.8.0"
  resolved "https://registry.yarnpkg.com/angular-sanitize/-/angular-sanitize-1.8.0.tgz#9f80782d3afeec3bcc0bb92b3ca6f1f421cfbca6"
  integrity sha512-j5GiOPCvfcDWK5svEOVoPb11X3UDVy/mdHPRWuy14Iyw86xaq+Bb+x/em2sAOa5MQQeY5ciLXbF3RRp8iCKcNg==

angular-scenario@~1.8.0:
  version "1.8.0"
  resolved "https://registry.yarnpkg.com/angular-scenario/-/angular-scenario-1.8.0.tgz#d2ec483807a284989fb2b177359eb492ae96a89e"
  integrity sha512-GG1fvGw0BTtHi4m4HKU4l9dGd5+71+HYJ9ak9QSoZXUl4W0RQSZLCQ5YpJbUQ5+47qdf59Lpe7aIfYGY/h/+ig==

angular-scroll@~1.0.0:
  version "1.0.2"
  resolved "https://registry.yarnpkg.com/angular-scroll/-/angular-scroll-1.0.2.tgz#2768ff35dbe1ce40e0c3fbedd4534888299c3e2d"
  integrity sha1-J2j/NdvhzkDgw/vt1FNIiCmcPi0=

angular-touch@~1.8.0:
  version "1.8.0"
  resolved "https://registry.yarnpkg.com/angular-touch/-/angular-touch-1.8.0.tgz#dd2cff364db89c56a57ecd90d6d2956e1cb5ad52"
  integrity sha512-bE0YSl4uBcCgTwa8S20LVsbY4mq9oX7YnienCOdqRewz6LXPZiWg1nwzar2X3UvyxVsREr06RhJ/4TFj2PNNEQ==

angular-ui-bootstrap@^2.5.0:
  version "2.5.6"
  resolved "https://registry.yarnpkg.com/angular-ui-bootstrap/-/angular-ui-bootstrap-2.5.6.tgz#23937322ec641a6fbee16498cc32452aa199e7c5"
  integrity sha512-yzcHpPMLQl0232nDzm5P4iAFTFQ9dMw0QgFLuKYbDj9M0xJ62z0oudYD/Lvh1pWfRsukiytP4Xj6BHOSrSXP8A==

angular-ui-sortable@^0.19.0:
  version "0.19.0"
  resolved "https://registry.yarnpkg.com/angular-ui-sortable/-/angular-ui-sortable-0.19.0.tgz#4ac4391fc4d4de57110db4b5d31a7c198d314fd0"
  integrity sha512-u/uc981Nzg4XN1bMU9qKleMTSt7F1XjMWnyGw6gxPLIeQeLZm8jWNy7tj8y2r2HmvzXFbQVq2z6rObznFKAekQ==
  dependencies:
    angular ">=1.2.x"
    jquery ">=3.1.x"
    jquery-ui-dist ">=1.12.x"

angular@1.8.0, angular@>=1.2.x, angular@^1.0.8, angular@~1.8.0:
  version "1.8.0"
  resolved "https://registry.yarnpkg.com/angular/-/angular-1.8.0.tgz#b1ec179887869215cab6dfd0df2e42caa65b1b51"
  integrity sha512-VdaMx+Qk0Skla7B5gw77a8hzlcOakwF8mjlW13DpIWIDlfqwAbSSLfd8N/qZnzEmQF4jC4iofInd3gE7vL8ZZg==

angularjs-slider@^7.0.0:
  version "7.0.0"
  resolved "https://registry.yarnpkg.com/angularjs-slider/-/angularjs-slider-7.0.0.tgz#418f828e25daeb3a738f2cc2257072c5721f2e67"
  integrity sha512-qNWPARWEktSthHj0/SAMVhy+3AIRnyVCXRK58gXT+3uRORXu/3QJ2L9MjCZvA9yeZxFceEYMOrtK8sSsTKobUw==

babel-runtime@^6.26.0:
  version "6.26.0"
  resolved "https://registry.yarnpkg.com/babel-runtime/-/babel-runtime-6.26.0.tgz#965c7058668e82b55d7bfe04ff2337bc8b5647fe"
  integrity sha1-llxwWGaOgrVde/4E/yM3vItWR/4=
  dependencies:
    core-js "^2.4.0"
    regenerator-runtime "^0.11.0"

clipboard@^2.0.0:
  version "2.0.4"
  resolved "https://registry.yarnpkg.com/clipboard/-/clipboard-2.0.4.tgz#836dafd66cf0fea5d71ce5d5b0bf6e958009112d"
  integrity sha512-Vw26VSLRpJfBofiVaFb/I8PVfdI1OxKcYShe6fm0sP/DtmiWQNCjhM/okTvdCo0G+lMMm1rMYbk4IK4x1X+kgQ==
  dependencies:
    good-listener "^1.2.2"
    select "^1.1.2"
    tiny-emitter "^2.0.0"

core-js@^2.4.0:
  version "2.6.9"
  resolved "https://registry.yarnpkg.com/core-js/-/core-js-2.6.9.tgz#6b4b214620c834152e179323727fc19741b084f2"
  integrity sha512-HOpZf6eXmnl7la+cUdMnLvUxKNqLUzJvgIziQ0DiF3JwSImNphIqdGqzj6hIKyX04MmV0poclQ7+wjWvxQyR2A==

delegate@^3.1.2:
  version "3.2.0"
  resolved "https://registry.yarnpkg.com/delegate/-/delegate-3.2.0.tgz#b66b71c3158522e8ab5744f720d8ca0c2af59166"
  integrity sha512-IofjkYBZaZivn0V8nnsMJGBr4jVLxHDheKSW88PyxS5QC4Vo9ZbZVvhzlSxY87fVq3STR6r+4cGepyHkcWOQSw==

diff2html@~3.4.1:
  version "3.4.1"
  resolved "https://registry.yarnpkg.com/diff2html/-/diff2html-3.4.1.tgz#397616cddd75c1d6a3b9de2ecf8c9a5c887c974c"
  integrity sha512-vvNtMknDOiDPNMhsgZnGzW79FhTM0Sz4DaFYJIrNnFVpRz+Z9YVh1t7pg2vdK66ppjMIq5rLtQen09m/QgT7Rg==
  dependencies:
    diff "4.0.2"
    hogan.js "3.0.2"
  optionalDependencies:
    highlight.js "10.4.1"

diff@4.0.2:
  version "4.0.2"
  resolved "https://registry.yarnpkg.com/diff/-/diff-4.0.2.tgz#60f3aecb89d5fae520c11aa19efc2bb982aade7d"
  integrity sha512-58lmxKSA4BNyLz+HHMUzlOEpg09FV+ev6ZMe3vJihgdxzgcwZ8VoEEPmALCZG9LmqfVoNMMKpttIYTVG6uDY7A==

error-stack-parser@^2.0.1:
  version "2.0.2"
  resolved "https://registry.yarnpkg.com/error-stack-parser/-/error-stack-parser-2.0.2.tgz#4ae8dbaa2bf90a8b450707b9149dcabca135520d"
  integrity sha512-E1fPutRDdIj/hohG0UpT5mayXNCxXP9d+snxFsPU9X0XgccOumKraa3juDMwTUyi7+Bu5+mCGagjg4IYeNbOdw==
  dependencies:
    stackframe "^1.0.4"

good-listener@^1.2.2:
  version "1.2.2"
  resolved "https://registry.yarnpkg.com/good-listener/-/good-listener-1.2.2.tgz#d53b30cdf9313dffb7dc9a0d477096aa6d145c50"
  integrity sha1-1TswzfkxPf+33JoNR3CWqm0UXFA=
  dependencies:
    delegate "^3.1.2"

highcharts-ng@~0.0.13:
  version "0.0.13"
  resolved "https://registry.yarnpkg.com/highcharts-ng/-/highcharts-ng-0.0.13.tgz#8f1e3a542007bd131071ea5d9a1e9265eeb817bc"
  integrity sha1-jx46VCAHvRMQcepdmh6SZe64F7w=

highcharts@^7.2.2:
  version "7.2.2"
  resolved "https://registry.yarnpkg.com/highcharts/-/highcharts-7.2.2.tgz#94d6bae545d7f0fbf49615b28640f5fdbf99d11e"
  integrity sha512-jRKujQuPKHLgGQd2sByBI9K5m56CInm2augVZnBYqdmyoU88hcI62uuAXHvxC3FW8YY0FJ74A1uw6sxrcmcmvg==

highlight.js@10.4.1:
  version "10.4.1"
  resolved "https://registry.yarnpkg.com/highlight.js/-/highlight.js-10.4.1.tgz#d48fbcf4a9971c4361b3f95f302747afe19dbad0"
  integrity sha512-yR5lWvNz7c85OhVAEAeFhVCc/GV4C30Fjzc/rCP0aCWzc1UUOPUk55dK/qdwTZHBvMZo+eZ2jpk62ndX/xMFlg==

hogan.js@3.0.2:
  version "3.0.2"
  resolved "https://registry.yarnpkg.com/hogan.js/-/hogan.js-3.0.2.tgz#4cd9e1abd4294146e7679e41d7898732b02c7bfd"
  integrity sha1-TNnhq9QpQUbnZ55B14mHMrAse/0=
  dependencies:
    mkdirp "0.3.0"
    nopt "1.0.10"

jquery-ui-dist@>=1.12.x:
  version "1.12.1"
  resolved "https://registry.yarnpkg.com/jquery-ui-dist/-/jquery-ui-dist-1.12.1.tgz#5c0815d3cc6f90ff5faaf5b268a6e23b4ca904fa"
  integrity sha1-XAgV08xvkP9fqvWyaKbiO0ypBPo=

jquery-ui@^1.12.1:
  version "1.12.1"
  resolved "https://registry.yarnpkg.com/jquery-ui/-/jquery-ui-1.12.1.tgz#bcb4045c8dd0539c134bc1488cdd3e768a7a9e51"
  integrity sha1-vLQEXI3QU5wTS8FIjN0+dop6nlE=

jquery@>=3.1.x, jquery@^3.4.0, jquery@^3.4.1:
  version "3.5.0"
  resolved "https://registry.yarnpkg.com/jquery/-/jquery-3.5.0.tgz#9980b97d9e4194611c36530e7dc46a58d7340fc9"
  integrity sha512-Xb7SVYMvygPxbFMpTFQiHh1J7HClEaThguL15N/Gg37Lri/qKyhRGZYzHRyLH8Stq3Aow0LsHO2O2ci86fCrNQ==

material-design-icons-iconfont@^5.0.1:
  version "5.0.1"
  resolved "https://registry.yarnpkg.com/material-design-icons-iconfont/-/material-design-icons-iconfont-5.0.1.tgz#371875ed7fe9c8c520bc7123c3231feeab731c31"
  integrity sha512-Xg6rIdGrfySTqiTZ6d+nQbcFepS6R4uKbJP0oAqyeZXJY/bX6mZDnOmmUJusqLXfhIwirs0c++a6JpqVa8RFvA==

mkdirp@0.3.0:
  version "0.3.0"
  resolved "https://registry.yarnpkg.com/mkdirp/-/mkdirp-0.3.0.tgz#1bbf5ab1ba827af23575143490426455f481fe1e"
  integrity sha1-G79asbqCevI1dRQ0kEJkVfSB/h4=

moment-timezone@^0.5.25:
  version "0.5.25"
  resolved "https://registry.yarnpkg.com/moment-timezone/-/moment-timezone-0.5.25.tgz#a11bfa2f74e088327f2cd4c08b3e7bdf55957810"
  integrity sha512-DgEaTyN/z0HFaVcVbSyVCUU6HeFdnNC3vE4c9cgu2dgMTvjBUBdBzWfasTBmAW45u5OIMeCJtU8yNjM22DHucw==
  dependencies:
    moment ">= 2.9.0"

"moment@>= 2.9.0", moment@^2.24.0:
  version "2.24.0"
  resolved "https://registry.yarnpkg.com/moment/-/moment-2.24.0.tgz#0d055d53f5052aa653c9f6eb68bb5d12bf5c2b5b"
  integrity sha512-bV7f+6l2QigeBBZSM/6yTNq4P2fNpSWj/0e7jQcy87A8e7o2nAfP/34/2ky5Vw4B9S446EtIhodAzkFCcR4dQg==

ng-file-upload@~12.2.13:
  version "12.2.13"
  resolved "https://registry.yarnpkg.com/ng-file-upload/-/ng-file-upload-12.2.13.tgz#01800f3872e526f95310f8477e99e4f12d0d8d14"
  integrity sha1-AYAPOHLlJvlTEPhHfpnk8S0NjRQ=

ng-infinite-scroll@^1.3.0:
  version "1.3.0"
  resolved "https://registry.yarnpkg.com/ng-infinite-scroll/-/ng-infinite-scroll-1.3.0.tgz#c2e98d8fd134b0525a4d2cf58c95d9b583755112"
  integrity sha1-wumNj9E0sFJaTSz1jJXZtYN1URI=

ngclipboard@^2.0.0:
  version "2.0.0"
  resolved "https://registry.yarnpkg.com/ngclipboard/-/ngclipboard-2.0.0.tgz#406f6c34d21d78c13faafa7f7df2ae4acd50e75a"
  integrity sha1-QG9sNNIdeME/qvp/ffKuSs1Q51o=
  dependencies:
    clipboard "^2.0.0"

nopt@1.0.10:
  version "1.0.10"
  resolved "https://registry.yarnpkg.com/nopt/-/nopt-1.0.10.tgz#6ddd21bd2a31417b92727dd585f8a6f37608ebee"
  integrity sha1-bd0hvSoxQXuScn3Vhfim83YI6+4=
  dependencies:
    abbrev "1"

normalize.css@^8.0.1:
  version "8.0.1"
  resolved "https://registry.yarnpkg.com/normalize.css/-/normalize.css-8.0.1.tgz#9b98a208738b9cc2634caacbc42d131c97487bf3"
  integrity sha512-qizSNPO93t1YUuUhP22btGOo3chcvDFqFaj2TRybP0DMxkHOCTYwp3n34fel4a31ORXy4m1Xq0Gyqpb5m33qIg==

perfect-scrollbar@~1.4.0:
  version "1.4.0"
  resolved "https://registry.yarnpkg.com/perfect-scrollbar/-/perfect-scrollbar-1.4.0.tgz#5d014ef9775e1f43058a1dbae9ed1daf0e7091f1"
  integrity sha512-/2Sk/khljhdrsamjJYS5NjrH+GKEHEwh7zFSiYyxROyYKagkE4kSn2zDQDRTOMo8mpT2jikxx6yI1dG7lNP/hw==

punycode@1.4.1:
  version "1.4.1"
  resolved "https://registry.yarnpkg.com/punycode/-/punycode-1.4.1.tgz#c0d5a63b2718800ad8e1eb0fa5269c84dd41845e"
  integrity sha1-wNWmOycYgArY4esPpSachN1BhF4=

regenerator-runtime@^0.11.0:
  version "0.11.1"
  resolved "https://registry.yarnpkg.com/regenerator-runtime/-/regenerator-runtime-0.11.1.tgz#be05ad7f9bf7d22e056f9726cee5017fbf19e2e9"
  integrity sha512-MguG95oij0fC3QV3URf4V2SDYGJhJnJGqvIIgdECeODCT98wSWDAJ94SSuVpYQUoTcGUIL6L4yNB7j1DFFHSBg==

select@^1.1.2:
  version "1.1.2"
  resolved "https://registry.yarnpkg.com/select/-/select-1.1.2.tgz#0e7350acdec80b1108528786ec1d4418d11b396d"
  integrity sha1-DnNQrN7ICxEIUoeG7B1EGNEbOW0=

source-map@0.5.6:
  version "0.5.6"
  resolved "https://registry.yarnpkg.com/source-map/-/source-map-0.5.6.tgz#75ce38f52bf0733c5a7f0c118d81334a2bb5f412"
  integrity sha1-dc449SvwczxafwwRjYEzSiu19BI=

stack-generator@^2.0.1:
  version "2.0.3"
  resolved "https://registry.yarnpkg.com/stack-generator/-/stack-generator-2.0.3.tgz#bb74385c67ffc4ccf3c4dee5831832d4e509c8a0"
  integrity sha512-kdzGoqrnqsMxOEuXsXyQTmvWXZmG0f3Ql2GDx5NtmZs59sT2Bt9Vdyq0XdtxUi58q/+nxtbF9KOQ9HkV1QznGg==
  dependencies:
    stackframe "^1.0.4"

stackframe@^1.0.4:
  version "1.0.4"
  resolved "https://registry.yarnpkg.com/stackframe/-/stackframe-1.0.4.tgz#357b24a992f9427cba6b545d96a14ed2cbca187b"
  integrity sha512-to7oADIniaYwS3MhtCa/sQhrxidCCQiF/qp4/m5iN3ipf0Y7Xlri0f6eG29r08aL7JYl8n32AF3Q5GYBZ7K8vw==

stacktrace-gps@^3.0.1:
  version "3.0.2"
  resolved "https://registry.yarnpkg.com/stacktrace-gps/-/stacktrace-gps-3.0.2.tgz#33f8baa4467323ab2bd1816efa279942ba431ccc"
  integrity sha512-9o+nWhiz5wFnrB3hBHs2PTyYrS60M1vvpSzHxwxnIbtY2q9Nt51hZvhrG1+2AxD374ecwyS+IUwfkHRE/2zuGg==
  dependencies:
    source-map "0.5.6"
    stackframe "^1.0.4"

stacktrace-js@^2.0.0:
  version "2.0.0"
  resolved "https://registry.yarnpkg.com/stacktrace-js/-/stacktrace-js-2.0.0.tgz#776ca646a95bc6c6b2b90776536a7fc72c6ddb58"
  integrity sha1-d2ymRqlbxsayuQd2U2p/xyxt21g=
  dependencies:
    error-stack-parser "^2.0.1"
    stack-generator "^2.0.1"
    stacktrace-gps "^3.0.1"

sugar@~1.4.1:
  version "1.4.1"
  resolved "https://registry.yarnpkg.com/sugar/-/sugar-1.4.1.tgz#1310d4dedc699e5a173183718541b0d7844a7598"
  integrity sha1-ExDU3txpnloXMYNxhUGw14RKdZg=

tiny-emitter@^2.0.0:
  version "2.1.0"
  resolved "https://registry.yarnpkg.com/tiny-emitter/-/tiny-emitter-2.1.0.tgz#1d1a56edfc51c43e863cbb5382a72330e3555423"
  integrity sha512-NB6Dk1A9xgQPMoGqC5CVXn123gWyte215ONT5Pp5a0yt4nlEoO1ZWeCwpncaekPHXO60i47ihFnZPiRPjRMq4Q==

twemoji-parser@^11.0.2:
  version "11.0.2"
  resolved "https://registry.yarnpkg.com/twemoji-parser/-/twemoji-parser-11.0.2.tgz#24e87c2008abe8544c962f193b88b331de32b446"
  integrity sha512-5kO2XCcpAql6zjdLwRwJjYvAZyDy3+Uj7v1ipBzLthQmDL7Ce19bEqHr3ImSNeoSW2OA8u02XmARbXHaNO8GhA==

twitter-text@^3.0.0:
  version "3.0.0"
  resolved "https://registry.yarnpkg.com/twitter-text/-/twitter-text-3.0.0.tgz#662f255b8ca12412f5b126368496e2430480eae3"
  integrity sha512-p5/mAvsYp0ESSgKjpaytWNJxrRqM04FnF5wLtc9+U1hXBrQujh/oz+4yR45JHIJfWOKSFZ/aLGaCasNwrqkkcw==
  dependencies:
    babel-runtime "^6.26.0"
    punycode "1.4.1"
    twemoji-parser "^11.0.2"

url-polyfill@^1.1.5:
  version "1.1.5"
  resolved "https://registry.yarnpkg.com/url-polyfill/-/url-polyfill-1.1.5.tgz#bec79b72b5407dba6d8cced2e32e4ab273aa9fb1"
  integrity sha512-9XjIJ6nwrU+nGd8t90Ze0Zs7t8A+SU0gqsqPttj6j3zAVe5q0HFcuv37nDBdVSPpi4aTHTfbUF/i+ZVD+o2EbA==
