# THIS IS AN AUTOGENERATED FILE. DO NOT EDIT THIS FILE DIRECTLY.
# yarn lockfile v1


"@fortawesome/fontawesome-free@~5.1.0":
  version "5.1.1"
  resolved "https://registry.yarnpkg.com/@fortawesome/fontawesome-free/-/fontawesome-free-5.1.1.tgz#b2c8d73675e349062112c2795a6e9e146bf47e1e"
  integrity sha512-3gWUo2KHOA3DqJlreNp5+6cLWZOBiDTHsAPWhpucKtH560kiOEd071V1+5VpSNjav89wnxSyAWyA+3xWrRjGJQ==

"@uirouter/angularjs@^0.3.2":
  version "0.3.2"
  resolved "https://registry.yarnpkg.com/@uirouter/angularjs/-/angularjs-0.3.2.tgz#9957d222077d6b93bfca11d03b0a63b4770b0c67"
  integrity sha512-Z2Q9uIqlGaRuOsaQFG6ygPSKFerBu2dfr77xPBZcByuNrqaP4s6hQB3rf7jxCG8emCmxlqTOD0TTymqBvKbyeA==
  dependencies:
    angular "^1.0.8"

after@0.8.1:
  version "0.8.1"
  resolved "https://registry.yarnpkg.com/after/-/after-0.8.1.tgz#ab5d4fb883f596816d3515f8f791c0af486dd627"
  integrity sha1-q11PuIP1loFtNRX495HAr0ht1ic=

angular-i18n@~1.5.0:
  version "1.5.11"
  resolved "https://registry.yarnpkg.com/angular-i18n/-/angular-i18n-1.5.11.tgz#3d0482032d06f1437c6192cd8ef6045e692aa689"
  integrity sha1-PQSCAy0G8UN8YZLNjvYEXmkqpok=

angular-mocks@~1.5.0:
  version "1.5.11"
  resolved "https://registry.yarnpkg.com/angular-mocks/-/angular-mocks-1.5.11.tgz#a0e1dd0ea55fd77ee7a757d75536c5e964c86f81"
  integrity sha1-oOHdDqVf137np1fXVTbF6WTIb4E=

angular-resource@~1.5.0:
  version "1.5.11"
  resolved "https://registry.yarnpkg.com/angular-resource/-/angular-resource-1.5.11.tgz#d93ea619184a2e0ee3ae338265758363172929f0"
  integrity sha1-2T6mGRhKLg7jrjOCZXWDYxcpKfA=

angular-route@~1.5.0:
  version "1.5.11"
  resolved "https://registry.yarnpkg.com/angular-route/-/angular-route-1.5.11.tgz#49614f3a167f54291e449fe8ba05d39c58924b83"
  integrity sha1-SWFPOhZ/VCkeRJ/ougXTnFiSS4M=

angular-sanitize@~1.5.0:
  version "1.5.11"
  resolved "https://registry.yarnpkg.com/angular-sanitize/-/angular-sanitize-1.5.11.tgz#ebfb3f343e543f9b2ef050fb4c2e9ee048d1772f"
  integrity sha1-6/s/ND5UP5su8FD7TC6e4EjRdy8=

angular-scenario@~1.5.0:
  version "1.5.11"
  resolved "https://registry.yarnpkg.com/angular-scenario/-/angular-scenario-1.5.11.tgz#ec6cc1c0a25116a4ecb8e625a25d2cfebfa13343"
  integrity sha1-7GzBwKJRFqTsuOYlol0s/r+hM0M=

angular-scroll@~1.0.0:
  version "1.0.2"
  resolved "https://registry.yarnpkg.com/angular-scroll/-/angular-scroll-1.0.2.tgz#2768ff35dbe1ce40e0c3fbedd4534888299c3e2d"
  integrity sha1-J2j/NdvhzkDgw/vt1FNIiCmcPi0=

angular-touch@~1.5.0:
  version "1.5.11"
  resolved "https://registry.yarnpkg.com/angular-touch/-/angular-touch-1.5.11.tgz#61f469c47ecf8979fb410c8d3a615d324d2b15ef"
  integrity sha1-YfRpxH7PiXn7QQyNOmFdMk0rFe8=

angular-ui-bootstrap@^1.2.4:
  version "1.3.3"
  resolved "https://registry.yarnpkg.com/angular-ui-bootstrap/-/angular-ui-bootstrap-1.3.3.tgz#4820f895d433c17abeb4ac7387f2f122cbf8c11c"
  integrity sha1-SCD4ldQzwXq+tKxzh/LxIsv4wRw=

angular-ui-sortable@^0.16.1:
  version "0.16.1"
  resolved "https://registry.yarnpkg.com/angular-ui-sortable/-/angular-ui-sortable-0.16.1.tgz#b5909b029947e31ec3935b01d96775a2fee78a63"
  integrity sha1-tZCbAplH4x7Dk1sB2Wd1ov7nimM=

angular@1.5.11, angular@^1.0.8, angular@~1.5.11:
  version "1.5.11"
  resolved "https://registry.yarnpkg.com/angular/-/angular-1.5.11.tgz#8c5ba7386f15965c9acf3429f6881553aada30d6"
  integrity sha1-jFunOG8VllyazzQp9ogVU6raMNY=

angularfire@^2.2.0:
  version "2.3.0"
  resolved "https://registry.yarnpkg.com/angularfire/-/angularfire-2.3.0.tgz#c152d12b655cd21a039956015c7dcdfcc4f25da5"
  integrity sha1-wVLRK2Vc0hoDmVYBXH3N/MTyXaU=
  dependencies:
    firebase "3.x.x"

angularjs-slider@^6.5.0:
  version "6.6.1"
  resolved "https://registry.yarnpkg.com/angularjs-slider/-/angularjs-slider-6.6.1.tgz#3af8beb397254d5f92f2c1aa80ece546b0c0779f"
  integrity sha512-MrV5scVkLTg27PjaCjPFGKhey74fiwJUJ7ApN+pHP5s+4v5q2S6HMHgANOIiVRBgNY2KktaPxqycTyyS+7Rdxg==

arraybuffer.slice@0.0.6:
  version "0.0.6"
  resolved "https://registry.yarnpkg.com/arraybuffer.slice/-/arraybuffer.slice-0.0.6.tgz#f33b2159f0532a3f3107a272c0ccfbd1ad2979ca"
  integrity sha1-8zshWfBTKj8xB6JywMz70a0peco=

base64-arraybuffer@0.1.2:
  version "0.1.2"
  resolved "https://registry.yarnpkg.com/base64-arraybuffer/-/base64-arraybuffer-0.1.2.tgz#474df4a9f2da24e05df3158c3b1db3c3cd46a154"
  integrity sha1-R030qfLaJOBd8xWMOx2zw81GoVQ=

benchmark@1.0.0:
  version "1.0.0"
  resolved "https://registry.yarnpkg.com/benchmark/-/benchmark-1.0.0.tgz#2f1e2fa4c359f11122aa183082218e957e390c73"
  integrity sha1-Lx4vpMNZ8REiqhgwgiGOlX45DHM=

better-assert@~1.0.0:
  version "1.0.2"
  resolved "https://registry.yarnpkg.com/better-assert/-/better-assert-1.0.2.tgz#40866b9e1b9e0b55b481894311e68faffaebc522"
  integrity sha1-QIZrnhueC1W0gYlDEeaPr/rrxSI=
  dependencies:
    callsite "1.0.0"

blob@0.0.2:
  version "0.0.2"
  resolved "https://registry.yarnpkg.com/blob/-/blob-0.0.2.tgz#b89562bd6994af95ba1e812155536333aa23cf24"
  integrity sha1-uJVivWmUr5W6HoEhVVNjM6ojzyQ=

buffer-equal-constant-time@1.0.1:
  version "1.0.1"
  resolved "https://registry.yarnpkg.com/buffer-equal-constant-time/-/buffer-equal-constant-time-1.0.1.tgz#f8e71132f7ffe6e01a5c9697a4c6f3e48d5cc819"
  integrity sha1-+OcRMvf/5uAaXJaXpMbz5I1cyBk=

callsite@1.0.0:
  version "1.0.0"
  resolved "https://registry.yarnpkg.com/callsite/-/callsite-1.0.0.tgz#280398e5d664bd74038b6f0905153e6e8af1bc20"
  integrity sha1-KAOY5dZkvXQDi28JBRU+borxvCA=

clipboard@^1.5.15, clipboard@~1.5.5:
  version "1.5.16"
  resolved "https://registry.yarnpkg.com/clipboard/-/clipboard-1.5.16.tgz#916d5e739b0064be61b0b48a535731ecaef3d367"
  integrity sha1-kW1ec5sAZL5hsLSKU1cx7K7z02c=
  dependencies:
    good-listener "^1.2.0"
    select "^1.0.6"
    tiny-emitter "^1.0.0"

commander@~0.6.1:
  version "0.6.1"
  resolved "https://registry.yarnpkg.com/commander/-/commander-0.6.1.tgz#fa68a14f6a945d54dbbe50d8cdb3320e9e3b1a06"
  integrity sha1-+mihT2qUXVTbvlDYzbMyDp47GgY=

component-bind@1.0.0:
  version "1.0.0"
  resolved "https://registry.yarnpkg.com/component-bind/-/component-bind-1.0.0.tgz#00c608ab7dcd93897c0009651b1d3a8e1e73bbd1"
  integrity sha1-AMYIq33Nk4l8AAllGx06jh5zu9E=

component-emitter@1.1.2:
  version "1.1.2"
  resolved "https://registry.yarnpkg.com/component-emitter/-/component-emitter-1.1.2.tgz#296594f2753daa63996d2af08d15a95116c9aec3"
  integrity sha1-KWWU8nU9qmOZbSrwjRWpURbJrsM=

component-inherit@0.0.3:
  version "0.0.3"
  resolved "https://registry.yarnpkg.com/component-inherit/-/component-inherit-0.0.3.tgz#645fc4adf58b72b649d5cae65135619db26ff143"
  integrity sha1-ZF/ErfWLcrZJ1crmUTVhnbJv8UM=

debug@0.7.4, debug@1.0.4:
  version "1.0.4"
  resolved "https://registry.yarnpkg.com/debug/-/debug-1.0.4.tgz#5b9c256bd54b6ec02283176fa8a0ede6d154cbf8"
  integrity sha1-W5wla9VLbsAigxdvqKDt5tFUy/g=
  dependencies:
    ms "0.6.2"

delegate@^3.1.2:
  version "3.2.0"
  resolved "https://registry.yarnpkg.com/delegate/-/delegate-3.2.0.tgz#b66b71c3158522e8ab5744f720d8ca0c2af59166"
  integrity sha512-IofjkYBZaZivn0V8nnsMJGBr4jVLxHDheKSW88PyxS5QC4Vo9ZbZVvhzlSxY87fVq3STR6r+4cGepyHkcWOQSw==

diff2html@~1.3.2:
  version "1.3.2"
  resolved "https://registry.yarnpkg.com/diff2html/-/diff2html-1.3.2.tgz#a0789ab0200e498d19f49d38ef77272873a827d7"
  integrity sha1-oHiasCAOSY0Z9J0473cnKHOoJ9c=
  dependencies:
    diff "^2.2.1"

diff@^2.2.1:
  version "2.2.3"
  resolved "https://registry.yarnpkg.com/diff/-/diff-2.2.3.tgz#60eafd0d28ee906e4e8ff0a52c1229521033bf99"
  integrity sha1-YOr9DSjukG5Oj/ClLBIpUhAzv5k=

dom-storage@^2.0.2:
  version "2.1.0"
  resolved "https://registry.yarnpkg.com/dom-storage/-/dom-storage-2.1.0.tgz#00fb868bc9201357ea243c7bcfd3304c1e34ea39"
  integrity sha512-g6RpyWXzl0RR6OTElHKBl7nwnK87GUyZMYC7JWsB/IA73vpqK2K6LT39x4VepLxlSsWBFrPVLnsSR5Jyty0+2Q==

ecdsa-sig-formatter@1.0.10:
  version "1.0.10"
  resolved "https://registry.yarnpkg.com/ecdsa-sig-formatter/-/ecdsa-sig-formatter-1.0.10.tgz#1c595000f04a8897dfb85000892a0f4c33af86c3"
  integrity sha1-HFlQAPBKiJffuFAAiSoPTDOvhsM=
  dependencies:
    safe-buffer "^5.0.1"

engine.io-client@1.4.3:
  version "1.4.3"
  resolved "https://registry.yarnpkg.com/engine.io-client/-/engine.io-client-1.4.3.tgz#7227cb6b29376435f0c819957ce6ba3ec1a8d955"
  integrity sha1-cifLayk3ZDXwyBmVfOa6PsGo2VU=
  dependencies:
    component-emitter "1.1.2"
    component-inherit "0.0.3"
    debug "1.0.4"
    engine.io-parser "1.1.0"
    has-cors "1.0.3"
    indexof "0.0.1"
    parsejson "0.0.1"
    parseqs "0.0.2"
    parseuri "0.0.4"
    ws "0.4.31"
    xmlhttprequest "https://github.com/LearnBoost/node-XMLHttpRequest/archive/0f36d0b5ebc03d85f860d42a64ae9791e1daa433.tar.gz"

engine.io-parser@1.1.0:
  version "1.1.0"
  resolved "https://registry.yarnpkg.com/engine.io-parser/-/engine.io-parser-1.1.0.tgz#39a2f7b1e8998fa1245fbc91e13504b8c92f3755"
  integrity sha1-OaL3seiZj6EkX7yR4TUEuMkvN1U=
  dependencies:
    after "0.8.1"
    arraybuffer.slice "0.0.6"
    base64-arraybuffer "0.1.2"
    blob "0.0.2"
    utf8 "2.0.0"

error-stack-parser@^1.3.6:
  version "1.3.6"
  resolved "https://registry.yarnpkg.com/error-stack-parser/-/error-stack-parser-1.3.6.tgz#e0e73b93e417138d1cd7c0b746b1a4a14854c292"
  integrity sha1-4Oc7k+QXE40c18C3RrGkoUhUwpI=
  dependencies:
    stackframe "^0.3.1"

faye-websocket@0.9.3:
  version "0.9.3"
  resolved "https://registry.yarnpkg.com/faye-websocket/-/faye-websocket-0.9.3.tgz#482a505b0df0ae626b969866d3bd740cdb962e83"
  integrity sha1-SCpQWw3wrmJrlphm0710DNuWLoM=
  dependencies:
    websocket-driver ">=0.5.1"

firebase@3.x.x, firebase@^3.6.6:
  version "3.9.0"
  resolved "https://registry.yarnpkg.com/firebase/-/firebase-3.9.0.tgz#c4237f50f58eeb25081b1839d6cbf175f8f7ed9b"
  integrity sha1-xCN/UPWO6yUIGxg51svxdfj37Zs=
  dependencies:
    dom-storage "^2.0.2"
    faye-websocket "0.9.3"
    jsonwebtoken "^7.3.0"
    promise-polyfill "^6.0.2"
    xmlhttprequest "^1.8.0"

"global@https://github.com/component/global/archive/v2.0.1.tar.gz":
  version "2.0.1"
  resolved "https://github.com/component/global/archive/v2.0.1.tar.gz#3fb25343fb66d79991b0f4a429ce3b54480eec3c"

good-listener@^1.2.0:
  version "1.2.2"
  resolved "https://registry.yarnpkg.com/good-listener/-/good-listener-1.2.2.tgz#d53b30cdf9313dffb7dc9a0d477096aa6d145c50"
  integrity sha1-1TswzfkxPf+33JoNR3CWqm0UXFA=
  dependencies:
    delegate "^3.1.2"

has-binary@0.1.5:
  version "0.1.5"
  resolved "https://registry.yarnpkg.com/has-binary/-/has-binary-0.1.5.tgz#95e75720ff31b72a3ba89a5b6dce082e4bc6467f"
  integrity sha1-ledXIP8xtyo7qJpbbc4ILkvGRn8=
  dependencies:
    isarray "0.0.1"

has-cors@1.0.3:
  version "1.0.3"
  resolved "https://registry.yarnpkg.com/has-cors/-/has-cors-1.0.3.tgz#502acb9b3104dac33dd2630eaf2f888b0baf4cb3"
  integrity sha1-UCrLmzEE2sM90mMOry+IiwuvTLM=
  dependencies:
    global "https://github.com/component/global/archive/v2.0.1.tar.gz"

highcharts-ng@~0.0.13:
  version "0.0.13"
  resolved "https://registry.yarnpkg.com/highcharts-ng/-/highcharts-ng-0.0.13.tgz#8f1e3a542007bd131071ea5d9a1e9265eeb817bc"
  integrity sha1-jx46VCAHvRMQcepdmh6SZe64F7w=

highcharts@~5.0.6:
  version "5.0.15"
  resolved "https://registry.yarnpkg.com/highcharts/-/highcharts-5.0.15.tgz#a9af11538a85b85f300e66f7a0e048a7ef8ab381"
  integrity sha512-+LTe57ntLyWgkjsHzLmvRspM3FVKtds7iDswOTwuTAmZD3FtG1I/DqHiVSRjX92RQmQMZ1M7dcoRb7T648m1xA==

hoek@2.x.x:
  version "2.16.3"
  resolved "https://registry.yarnpkg.com/hoek/-/hoek-2.16.3.tgz#20bb7403d3cea398e91dc4710a8ff1b8274a25ed"
  integrity sha1-ILt0A9POo5jpHcRxCo/xuCdKJe0=

http-parser-js@>=0.4.0:
  version "0.5.0"
  resolved "https://registry.yarnpkg.com/http-parser-js/-/http-parser-js-0.5.0.tgz#d65edbede84349d0dc30320815a15d39cc3cbbd8"
  integrity sha512-cZdEF7r4gfRIq7ezX9J0T+kQmJNOub71dWbgAXVHDct80TKP4MCETtZQ31xyv38UwgzkWPYF/Xc0ge55dW9Z9w==

indexof@0.0.1:
  version "0.0.1"
  resolved "https://registry.yarnpkg.com/indexof/-/indexof-0.0.1.tgz#82dc336d232b9062179d05ab3293a66059fd435d"
  integrity sha1-gtwzbSMrkGIXnQWrMpOmYFn9Q10=

isarray@0.0.1:
  version "0.0.1"
  resolved "https://registry.yarnpkg.com/isarray/-/isarray-0.0.1.tgz#8a18acfca9a8f4177e09abfc6038939b05d1eedf"
  integrity sha1-ihis/Kmo9Bd+Cav8YDiTmwXR7t8=

isemail@1.x.x:
  version "1.2.0"
  resolved "https://registry.yarnpkg.com/isemail/-/isemail-1.2.0.tgz#be03df8cc3e29de4d2c5df6501263f1fa4595e9a"
  integrity sha1-vgPfjMPineTSxd9lASY/H6RZXpo=

joi@^6.10.1:
  version "6.10.1"
  resolved "https://registry.yarnpkg.com/joi/-/joi-6.10.1.tgz#4d50c318079122000fe5f16af1ff8e1917b77e06"
  integrity sha1-TVDDGAeRIgAP5fFq8f+OGRe3fgY=
  dependencies:
    hoek "2.x.x"
    isemail "1.x.x"
    moment "2.x.x"
    topo "1.x.x"

jquery-ui@^1.12.0:
  version "1.12.1"
  resolved "https://registry.yarnpkg.com/jquery-ui/-/jquery-ui-1.12.1.tgz#bcb4045c8dd0539c134bc1488cdd3e768a7a9e51"
  integrity sha1-vLQEXI3QU5wTS8FIjN0+dop6nlE=

jquery@3.3.1, jquery@^3.3.1:
  version "3.3.1"
  resolved "https://registry.yarnpkg.com/jquery/-/jquery-3.3.1.tgz#958ce29e81c9790f31be7792df5d4d95fc57fbca"
  integrity sha512-Ubldcmxp5np52/ENotGxlLe6aGMvmF4R8S6tZjsP6Knsaxd/xp3Zrh50cG93lR6nPXyUFwzN3ZSOQI0wRJNdGg==

json3@3.2.6:
  version "3.2.6"
  resolved "https://registry.yarnpkg.com/json3/-/json3-3.2.6.tgz#f6efc93c06a04de9aec53053df2559bb19e2038b"
  integrity sha1-9u/JPAagTemuxTBT3yVZuxniA4s=

jsonwebtoken@^7.3.0:
  version "7.4.3"
  resolved "https://registry.yarnpkg.com/jsonwebtoken/-/jsonwebtoken-7.4.3.tgz#77f5021de058b605a1783fa1283e99812e645638"
  integrity sha1-d/UCHeBYtgWheD+hKD6ZgS5kVjg=
  dependencies:
    joi "^6.10.1"
    jws "^3.1.4"
    lodash.once "^4.0.0"
    ms "^2.0.0"
    xtend "^4.0.1"

jwa@^1.1.5:
  version "1.1.6"
  resolved "https://registry.yarnpkg.com/jwa/-/jwa-1.1.6.tgz#87240e76c9808dbde18783cf2264ef4929ee50e6"
  integrity sha512-tBO/cf++BUsJkYql/kBbJroKOgHWEigTKBAjjBEmrMGYd1QMBC74Hr4Wo2zCZw6ZrVhlJPvoMrkcOnlWR/DJfw==
  dependencies:
    buffer-equal-constant-time "1.0.1"
    ecdsa-sig-formatter "1.0.10"
    safe-buffer "^5.0.1"

jws@^3.1.4:
  version "3.1.5"
  resolved "https://registry.yarnpkg.com/jws/-/jws-3.1.5.tgz#80d12d05b293d1e841e7cb8b4e69e561adcf834f"
  integrity sha512-GsCSexFADNQUr8T5HPJvayTjvPIfoyJPtLQBwn5a4WZQchcrPMPMAWcC1AzJVRDKyD6ZPROPAxgv6rfHViO4uQ==
  dependencies:
    jwa "^1.1.5"
    safe-buffer "^5.0.1"

lodash.once@^4.0.0:
  version "4.1.1"
  resolved "https://registry.yarnpkg.com/lodash.once/-/lodash.once-4.1.1.tgz#0dd3971213c7c56df880977d504c88fb471a97ac"
  integrity sha1-DdOXEhPHxW34gJd9UEyI+0cal6w=

material-design-icons-iconfont@^4.0.4:
  version "4.0.4"
  resolved "https://registry.yarnpkg.com/material-design-icons-iconfont/-/material-design-icons-iconfont-4.0.4.tgz#8f1eb68bd59a42944209907bfd1eb997405bf162"
  integrity sha512-jz4P9uLPrbEbzhEsEKuN+5N1TgBFdc4Dslzx/wc22D7FKT/Aelgs/HP8mB3LGI893NND5Rw6xpvZoiXtukB5zw==

moment-timezone@^0.5.14:
  version "0.5.23"
  resolved "https://registry.yarnpkg.com/moment-timezone/-/moment-timezone-0.5.23.tgz#7cbb00db2c14c71b19303cb47b0fb0a6d8651463"
  integrity sha512-WHFH85DkCfiNMDX5D3X7hpNH3/PUhjTGcD0U1SgfBGZxJ3qUmJh5FdvaFjcClxOvB3rzdfj4oRffbI38jEnC1w==
  dependencies:
    moment ">= 2.9.0"

moment@2.22.2, moment@2.x.x, "moment@>= 2.9.0", moment@^2.22.2:
  version "2.22.2"
  resolved "https://registry.yarnpkg.com/moment/-/moment-2.22.2.tgz#3c257f9839fc0e93ff53149632239eb90783ff66"
  integrity sha1-PCV/mDn8DpP/UxSWMiOeuQeD/2Y=

ms@0.6.2, ms@2.1.1, ms@^2.0.0:
  version "2.1.1"
  resolved "https://registry.yarnpkg.com/ms/-/ms-2.1.1.tgz#30a5864eb3ebb0a66f2ebe6d727af06a09d86e0a"
  integrity sha512-tgp+dl5cGk28utYktBsrFqA7HKgrhgPsg6Z/EfhWI4gl1Hwq8B/GmY/0oXZ6nF8hDVesS/FpnYaD/kOWhYQvyg==

nan@~0.3.0:
  version "0.3.2"
  resolved "https://registry.yarnpkg.com/nan/-/nan-0.3.2.tgz#0df1935cab15369075ef160ad2894107aa14dc2d"
  integrity sha1-DfGTXKsVNpB17xYK0olBB6oU3C0=

ng-file-upload@~12.2.13:
  version "12.2.13"
  resolved "https://registry.yarnpkg.com/ng-file-upload/-/ng-file-upload-12.2.13.tgz#01800f3872e526f95310f8477e99e4f12d0d8d14"
  integrity sha1-AYAPOHLlJvlTEPhHfpnk8S0NjRQ=

ng-infinite-scroll@^1.3.0:
  version "1.3.0"
  resolved "https://registry.yarnpkg.com/ng-infinite-scroll/-/ng-infinite-scroll-1.3.0.tgz#c2e98d8fd134b0525a4d2cf58c95d9b583755112"
  integrity sha1-wumNj9E0sFJaTSz1jJXZtYN1URI=

ngclipboard@^1.1.1:
  version "1.1.2"
  resolved "https://registry.yarnpkg.com/ngclipboard/-/ngclipboard-1.1.2.tgz#459f01f3ee1e8ac401599aaea37b9775087d596d"
  integrity sha1-RZ8B8+4eisQBWZquo3uXdQh9WW0=
  dependencies:
    clipboard "~1.5.5"

normalize.css@^5.0.0:
  version "5.0.0"
  resolved "https://registry.yarnpkg.com/normalize.css/-/normalize.css-5.0.0.tgz#7cec875ce8178a5333c4de80b68ea9c18b9d7c37"
  integrity sha1-fOyHXOgXilMzxN6Ato6pwYudfDc=

object-component@0.0.3:
  version "0.0.3"
  resolved "https://registry.yarnpkg.com/object-component/-/object-component-0.0.3.tgz#f0c69aa50efc95b866c186f400a33769cb2f1291"
  integrity sha1-8MaapQ78lbhmwYb0AKM3acsvEpE=

options@>=0.0.5:
  version "0.0.6"
  resolved "https://registry.yarnpkg.com/options/-/options-0.0.6.tgz#ec22d312806bb53e731773e7cdaefcf1c643128f"
  integrity sha1-7CLTEoBrtT5zF3Pnza788cZDEo8=

parsejson@0.0.1:
  version "0.0.1"
  resolved "https://registry.yarnpkg.com/parsejson/-/parsejson-0.0.1.tgz#9b10c6c0d825ab589e685153826de0a3ba278bcc"
  integrity sha1-mxDGwNglq1ieaFFTgm3go7oni8w=
  dependencies:
    better-assert "~1.0.0"

parseqs@0.0.2:
  version "0.0.2"
  resolved "https://registry.yarnpkg.com/parseqs/-/parseqs-0.0.2.tgz#9dfe70b2cddac388bde4f35b1f240fa58adbe6c7"
  integrity sha1-nf5wss3aw4i95PNbHyQPpYrb5sc=
  dependencies:
    better-assert "~1.0.0"

parseuri@0.0.2, parseuri@0.0.4:
  version "0.0.4"
  resolved "https://registry.yarnpkg.com/parseuri/-/parseuri-0.0.4.tgz#806582a39887e1ea18dd5e2fe0e01902268e9350"
  integrity sha1-gGWCo5iH4eoY3V4v4OAZAiaOk1A=
  dependencies:
    better-assert "~1.0.0"

perfect-scrollbar@~0.6.15:
  version "0.6.16"
  resolved "https://registry.yarnpkg.com/perfect-scrollbar/-/perfect-scrollbar-0.6.16.tgz#b1d61a5245cf3962bb9a8407a3fc669d923212fc"
  integrity sha1-sdYaUkXPOWK7moQHo/xmnZIyEvw=

promise-polyfill@^6.0.2:
  version "6.1.0"
  resolved "https://registry.yarnpkg.com/promise-polyfill/-/promise-polyfill-6.1.0.tgz#dfa96943ea9c121fca4de9b5868cb39d3472e057"
  integrity sha1-36lpQ+qcEh/KTem1hoyznTRy4Fc=

punycode@1.4.1:
  version "1.4.1"
  resolved "https://registry.yarnpkg.com/punycode/-/punycode-1.4.1.tgz#c0d5a63b2718800ad8e1eb0fa5269c84dd41845e"
  integrity sha1-wNWmOycYgArY4esPpSachN1BhF4=

safe-buffer@^5.0.1:
  version "5.1.2"
  resolved "https://registry.yarnpkg.com/safe-buffer/-/safe-buffer-5.1.2.tgz#991ec69d296e0313747d59bdfd2b745c35f8828d"
  integrity sha512-Gd2UZBJDkXlY7GbJxfsE8/nvKkUEU1G38c1siN6QP6a9PT9MmHB8GnpscSmMJSoF8LOIrt8ud/wPtojys4G6+g==

select@^1.0.6:
  version "1.1.2"
  resolved "https://registry.yarnpkg.com/select/-/select-1.1.2.tgz#0e7350acdec80b1108528786ec1d4418d11b396d"
  integrity sha1-DnNQrN7ICxEIUoeG7B1EGNEbOW0=

socket.io-client@~1.2.0:
  version "1.2.1"
  resolved "https://registry.yarnpkg.com/socket.io-client/-/socket.io-client-1.2.1.tgz#bf640d4da6646083f7168b0fc168e8f349a26c6f"
  integrity sha1-v2QNTaZkYIP3FosPwWjo80mibG8=
  dependencies:
    component-bind "1.0.0"
    component-emitter "1.1.2"
    debug "0.7.4"
    engine.io-client "1.4.3"
    has-binary "0.1.5"
    indexof "0.0.1"
    object-component "0.0.3"
    parseuri "0.0.2"
    socket.io-parser "2.2.2"
    to-array "0.1.3"

socket.io-parser@2.2.2:
  version "2.2.2"
  resolved "https://registry.yarnpkg.com/socket.io-parser/-/socket.io-parser-2.2.2.tgz#3d7af6b64497e956b7d9fe775f999716027f9417"
  integrity sha1-PXr2tkSX6Va32f53X5mXFgJ/lBc=
  dependencies:
    benchmark "1.0.0"
    component-emitter "1.1.2"
    debug "0.7.4"
    isarray "0.0.1"
    json3 "3.2.6"

source-map@0.5.6:
  version "0.5.6"
  resolved "https://registry.yarnpkg.com/source-map/-/source-map-0.5.6.tgz#75ce38f52bf0733c5a7f0c118d81334a2bb5f412"
  integrity sha1-dc449SvwczxafwwRjYEzSiu19BI=

stack-generator@^1.0.7:
  version "1.1.0"
  resolved "https://registry.yarnpkg.com/stack-generator/-/stack-generator-1.1.0.tgz#36f6a920751a6c10f499a13c32cbb5f51a0b8b25"
  integrity sha1-NvapIHUabBD0maE8Msu19RoLiyU=
  dependencies:
    stackframe "^1.0.2"

stackframe@1.0.4, stackframe@^0.3.1, stackframe@^1.0.2, stackframe@~0.3:
  version "1.0.4"
  resolved "https://registry.yarnpkg.com/stackframe/-/stackframe-1.0.4.tgz#357b24a992f9427cba6b545d96a14ed2cbca187b"
  integrity sha512-to7oADIniaYwS3MhtCa/sQhrxidCCQiF/qp4/m5iN3ipf0Y7Xlri0f6eG29r08aL7JYl8n32AF3Q5GYBZ7K8vw==

stacktrace-gps@^2.4.3:
  version "2.4.4"
  resolved "https://registry.yarnpkg.com/stacktrace-gps/-/stacktrace-gps-2.4.4.tgz#69c827e9d6d6f41cf438d7f195e2e3cbfcf28c44"
  integrity sha1-acgn6dbW9Bz0ONfxleLjy/zyjEQ=
  dependencies:
    source-map "0.5.6"
    stackframe "~0.3"

stacktrace-js@~1.3.1:
  version "1.3.1"
  resolved "https://registry.yarnpkg.com/stacktrace-js/-/stacktrace-js-1.3.1.tgz#67cab2589af5c417b962f7369940277bb3b6a18b"
  integrity sha1-Z8qyWJr1xBe5Yvc2mUAne7O2oYs=
  dependencies:
    error-stack-parser "^1.3.6"
    stack-generator "^1.0.7"
    stacktrace-gps "^2.4.3"

sugar@~1.4.1:
  version "1.4.1"
  resolved "https://registry.yarnpkg.com/sugar/-/sugar-1.4.1.tgz#1310d4dedc699e5a173183718541b0d7844a7598"
  integrity sha1-ExDU3txpnloXMYNxhUGw14RKdZg=

tiny-emitter@1.2.0, tiny-emitter@^1.0.0:
  version "1.2.0"
  resolved "https://registry.yarnpkg.com/tiny-emitter/-/tiny-emitter-1.2.0.tgz#6dc845052cb08ebefc1874723b58f24a648c3b6f"
  integrity sha1-bchFBSywjr78GHRyO1jySmSMO28=

tinycolor@0.x:
  version "0.0.1"
  resolved "https://registry.yarnpkg.com/tinycolor/-/tinycolor-0.0.1.tgz#320b5a52d83abb5978d81a3e887d4aefb15a6164"
  integrity sha1-MgtaUtg6u1l42Bo+iH1K77FaYWQ=

to-array@0.1.3:
  version "0.1.3"
  resolved "https://registry.yarnpkg.com/to-array/-/to-array-0.1.3.tgz#d45dadc6363417f60f28474fea50ecddbb4f4991"
  integrity sha1-1F2txjY0F/YPKEdP6lDs3btPSZE=

topo@1.x.x:
  version "1.1.0"
  resolved "https://registry.yarnpkg.com/topo/-/topo-1.1.0.tgz#e9d751615d1bb87dc865db182fa1ca0a5ef536d5"
  integrity sha1-6ddRYV0buH3IZdsYL6HKCl71NtU=
  dependencies:
    hoek "2.x.x"

twitter-text@~2.0.5:
  version "2.0.5"
  resolved "https://registry.yarnpkg.com/twitter-text/-/twitter-text-2.0.5.tgz#cca5e673014091c00975772d9e6e1228c39a1bed"
  integrity sha512-fjbx5ztUx79ju77vEhdWeeOB5tQ55r6L/EgUK45hnOYB8AkVzq3zKMibSj5SCkFFAmsoVKD8gwYADrZdzbsQCg==
  dependencies:
    punycode "1.4.1"

url-polyfill@^1.1.3:
  version "1.1.3"
  resolved "https://registry.yarnpkg.com/url-polyfill/-/url-polyfill-1.1.3.tgz#ce0bdf2e923aa6f66bc198ab776323dfc5a91e62"
  integrity sha512-xIAXc0DyXJCd767sSeRu4eqisyYhR0z0sohWArCn+WPwIatD39xGrc09l+tluIUi6jGkpGa8Gz8TKwkKYxMQvQ==

utf8@2.0.0:
  version "2.0.0"
  resolved "https://registry.yarnpkg.com/utf8/-/utf8-2.0.0.tgz#79ce59eced874809cab9a71fc7102c7d45d4118d"
  integrity sha1-ec5Z7O2HSAnKuacfxxAsfUXUEY0=

websocket-driver@>=0.5.1:
  version "0.7.0"
  resolved "https://registry.yarnpkg.com/websocket-driver/-/websocket-driver-0.7.0.tgz#0caf9d2d755d93aee049d4bdd0d3fe2cca2a24eb"
  integrity sha1-DK+dLXVdk67gSdS90NP+LMoqJOs=
  dependencies:
    http-parser-js ">=0.4.0"
    websocket-extensions ">=0.1.1"

websocket-extensions@>=0.1.1:
  version "0.1.3"
  resolved "https://registry.yarnpkg.com/websocket-extensions/-/websocket-extensions-0.1.3.tgz#5d2ff22977003ec687a4b87073dfbbac146ccf29"
  integrity sha512-nqHUnMXmBzT0w570r2JpJxfiSD1IzoI+HGVdd3aZ0yNi3ngvQ4jv1dtHt5VGxfI2yj5yqImPhOK4vmIh2xMbGg==

ws@0.4.31:
  version "0.4.31"
  resolved "https://registry.yarnpkg.com/ws/-/ws-0.4.31.tgz#5a4849e7a9ccd1ed5a81aeb4847c9fedf3122927"
  integrity sha1-WkhJ56nM0e1aga60hHyf7fMSKSc=
  dependencies:
    commander "~0.6.1"
    nan "~0.3.0"
    options ">=0.0.5"
    tinycolor "0.x"

xmlhttprequest@1.8.0, xmlhttprequest@^1.8.0, "xmlhttprequest@https://github.com/LearnBoost/node-XMLHttpRequest/archive/0f36d0b5ebc03d85f860d42a64ae9791e1daa433.tar.gz":
  version "1.8.0"
  resolved "https://registry.yarnpkg.com/xmlhttprequest/-/xmlhttprequest-1.8.0.tgz#67fe075c5c24fef39f9d65f5f7b7fe75171968fc"
  integrity sha1-Z/4HXFwk/vOfnWX197f+dRcZaPw=

xtend@^4.0.1:
  version "4.0.1"
  resolved "https://registry.yarnpkg.com/xtend/-/xtend-4.0.1.tgz#a5c6d532be656e23db820efb943a1f04998d63af"
  integrity sha1-pcbVMr5lbiPbgg77lDofBJmNY68=

zepto@^1.2:
  version "1.2.0"
  resolved "https://registry.yarnpkg.com/zepto/-/zepto-1.2.0.tgz#e127bd9e66fd846be5eab48c1394882f7c0e4f98"
  integrity sha1-4Se9nmb9hGvl6rSME5SIL3wOT5g=
